// !$*UTF8*$!
{
	archiveVersion = 1;
	classes = {
	};
	objectVersion = 56;
	objects = {

/* Begin PBXBuildFile section */
		0648F1862915E681004E8B02 /* LunchBoxAppApp.swift in Sources */ = {isa = PBXBuildFile; fileRef = 0648F1852915E681004E8B02 /* LunchBoxAppApp.swift */; };
		0648F1882915E681004E8B02 /* ContentView.swift in Sources */ = {isa = PBXBuildFile; fileRef = 0648F1872915E681004E8B02 /* ContentView.swift */; };
		0648F18A2915E682004E8B02 /* Assets.xcassets in Resources */ = {isa = PBXBuildFile; fileRef = 0648F1892915E682004E8B02 /* Assets.xcassets */; };
		0648F18E2915E682004E8B02 /* Preview Assets.xcassets in Resources */ = {isa = PBXBuildFile; fileRef = 0648F18D2915E682004E8B02 /* Preview Assets.xcassets */; };
		0648F1982915E682004E8B02 /* LunchBoxAppTests.swift in Sources */ = {isa = PBXBuildFile; fileRef = 0648F1972915E682004E8B02 /* LunchBoxAppTests.swift */; };
		0648F1A22915E682004E8B02 /* LunchBoxAppUITests.swift in Sources */ = {isa = PBXBuildFile; fileRef = 0648F1A12915E682004E8B02 /* LunchBoxAppUITests.swift */; };
		0648F1A42915E682004E8B02 /* LunchBoxAppUITestsLaunchTests.swift in Sources */ = {isa = PBXBuildFile; fileRef = 0648F1A32915E682004E8B02 /* LunchBoxAppUITestsLaunchTests.swift */; };
		0648F1B52915E6E0004E8B02 /* AdminPanel1.swift in Sources */ = {isa = PBXBuildFile; fileRef = 0648F1B42915E6E0004E8B02 /* AdminPanel1.swift */; };
		0648F1B72915E72C004E8B02 /* User.swift in Sources */ = {isa = PBXBuildFile; fileRef = 0648F1B62915E72C004E8B02 /* User.swift */; };
		0648F1B92915E741004E8B02 /* SubPack.swift in Sources */ = {isa = PBXBuildFile; fileRef = 0648F1B82915E741004E8B02 /* SubPack.swift */; };
		0648F1BB2915E75E004E8B02 /* Restaurant.swift in Sources */ = {isa = PBXBuildFile; fileRef = 0648F1BA2915E75E004E8B02 /* Restaurant.swift */; };
		0648F1BD2915E77C004E8B02 /* MenuItem.swift in Sources */ = {isa = PBXBuildFile; fileRef = 0648F1BC2915E77C004E8B02 /* MenuItem.swift */; };
		064A3DD12975EF08003EB99A /* MenuItemImageView.swift in Sources */ = {isa = PBXBuildFile; fileRef = 064A3DD02975EF08003EB99A /* MenuItemImageView.swift */; };
		064B317F29217A1200891D6D /* AdminPanelTabView.swift in Sources */ = {isa = PBXBuildFile; fileRef = 064B317E29217A1200891D6D /* AdminPanelTabView.swift */; };
		064B318129217FC600891D6D /* AdminPanel2PackInit.swift in Sources */ = {isa = PBXBuildFile; fileRef = 064B318029217FC600891D6D /* AdminPanel2PackInit.swift */; };
		064B31832921835600891D6D /* AdminPanel3MenuInit.swift in Sources */ = {isa = PBXBuildFile; fileRef = 064B31822921835600891D6D /* AdminPanel3MenuInit.swift */; };
		064F7A452965CD0E00E04B80 /* Coupons.swift in Sources */ = {isa = PBXBuildFile; fileRef = 064F7A442965CD0E00E04B80 /* Coupons.swift */; };
		065217DF29515CD2004C132A /* RestaurantView.swift in Sources */ = {isa = PBXBuildFile; fileRef = 065217DE29515CD2004C132A /* RestaurantView.swift */; };
		06572F9B292D338F001C5E95 /* GoogleService-Info.plist in Resources */ = {isa = PBXBuildFile; fileRef = 06572F9A292D338F001C5E95 /* GoogleService-Info.plist */; };
		06572F9E292D351B001C5E95 /* FirebaseAnalytics in Frameworks */ = {isa = PBXBuildFile; productRef = 06572F9D292D351B001C5E95 /* FirebaseAnalytics */; };
		06572FA0292D351B001C5E95 /* FirebaseAnalyticsOnDeviceConversion in Frameworks */ = {isa = PBXBuildFile; productRef = 06572F9F292D351B001C5E95 /* FirebaseAnalyticsOnDeviceConversion */; };
		06572FA2292D351B001C5E95 /* FirebaseAnalyticsSwift in Frameworks */ = {isa = PBXBuildFile; productRef = 06572FA1292D351B001C5E95 /* FirebaseAnalyticsSwift */; };
		06572FA4292D351B001C5E95 /* FirebaseAnalyticsWithoutAdIdSupport in Frameworks */ = {isa = PBXBuildFile; productRef = 06572FA3292D351B001C5E95 /* FirebaseAnalyticsWithoutAdIdSupport */; };
		06572FA6292D351B001C5E95 /* FirebaseAppCheck in Frameworks */ = {isa = PBXBuildFile; productRef = 06572FA5292D351B001C5E95 /* FirebaseAppCheck */; };
		06572FA8292D351B001C5E95 /* FirebaseAppDistribution-Beta in Frameworks */ = {isa = PBXBuildFile; productRef = 06572FA7292D351B001C5E95 /* FirebaseAppDistribution-Beta */; };
		06572FAA292D351B001C5E95 /* FirebaseAuth in Frameworks */ = {isa = PBXBuildFile; productRef = 06572FA9292D351B001C5E95 /* FirebaseAuth */; };
		06572FAC292D351B001C5E95 /* FirebaseAuthCombine-Community in Frameworks */ = {isa = PBXBuildFile; productRef = 06572FAB292D351B001C5E95 /* FirebaseAuthCombine-Community */; };
		06572FAE292D351B001C5E95 /* FirebaseCrashlytics in Frameworks */ = {isa = PBXBuildFile; productRef = 06572FAD292D351B001C5E95 /* FirebaseCrashlytics */; };
		06572FB0292D351B001C5E95 /* FirebaseDatabase in Frameworks */ = {isa = PBXBuildFile; productRef = 06572FAF292D351B001C5E95 /* FirebaseDatabase */; };
		06572FB2292D351B001C5E95 /* FirebaseDatabaseSwift in Frameworks */ = {isa = PBXBuildFile; productRef = 06572FB1292D351B001C5E95 /* FirebaseDatabaseSwift */; };
		06572FB4292D351B001C5E95 /* FirebaseDynamicLinks in Frameworks */ = {isa = PBXBuildFile; productRef = 06572FB3292D351B001C5E95 /* FirebaseDynamicLinks */; };
		06572FB6292D351B001C5E95 /* FirebaseFirestore in Frameworks */ = {isa = PBXBuildFile; productRef = 06572FB5292D351B001C5E95 /* FirebaseFirestore */; };
		06572FB8292D351B001C5E95 /* FirebaseFirestoreCombine-Community in Frameworks */ = {isa = PBXBuildFile; productRef = 06572FB7292D351B001C5E95 /* FirebaseFirestoreCombine-Community */; };
		06572FBA292D351B001C5E95 /* FirebaseFirestoreSwift in Frameworks */ = {isa = PBXBuildFile; productRef = 06572FB9292D351B001C5E95 /* FirebaseFirestoreSwift */; };
		06572FBC292D351B001C5E95 /* FirebaseFunctions in Frameworks */ = {isa = PBXBuildFile; productRef = 06572FBB292D351B001C5E95 /* FirebaseFunctions */; };
		06572FBE292D351B001C5E95 /* FirebaseFunctionsCombine-Community in Frameworks */ = {isa = PBXBuildFile; productRef = 06572FBD292D351B001C5E95 /* FirebaseFunctionsCombine-Community */; };
		06572FC0292D351B001C5E95 /* FirebaseInAppMessaging-Beta in Frameworks */ = {isa = PBXBuildFile; productRef = 06572FBF292D351B001C5E95 /* FirebaseInAppMessaging-Beta */; };
		06572FC2292D351B001C5E95 /* FirebaseInAppMessagingSwift-Beta in Frameworks */ = {isa = PBXBuildFile; productRef = 06572FC1292D351B001C5E95 /* FirebaseInAppMessagingSwift-Beta */; };
		06572FC4292D351B001C5E95 /* FirebaseInstallations in Frameworks */ = {isa = PBXBuildFile; productRef = 06572FC3292D351B001C5E95 /* FirebaseInstallations */; };
		06572FC6292D351B001C5E95 /* FirebaseMLModelDownloader in Frameworks */ = {isa = PBXBuildFile; productRef = 06572FC5292D351B001C5E95 /* FirebaseMLModelDownloader */; };
		06572FC8292D351B001C5E95 /* FirebaseMessaging in Frameworks */ = {isa = PBXBuildFile; productRef = 06572FC7292D351B001C5E95 /* FirebaseMessaging */; };
		06572FCA292D351B001C5E95 /* FirebasePerformance in Frameworks */ = {isa = PBXBuildFile; productRef = 06572FC9292D351B001C5E95 /* FirebasePerformance */; };
		06572FCC292D351C001C5E95 /* FirebaseRemoteConfig in Frameworks */ = {isa = PBXBuildFile; productRef = 06572FCB292D351C001C5E95 /* FirebaseRemoteConfig */; };
		06572FCE292D351C001C5E95 /* FirebaseRemoteConfigSwift in Frameworks */ = {isa = PBXBuildFile; productRef = 06572FCD292D351C001C5E95 /* FirebaseRemoteConfigSwift */; };
		06572FD0292D351C001C5E95 /* FirebaseStorage in Frameworks */ = {isa = PBXBuildFile; productRef = 06572FCF292D351C001C5E95 /* FirebaseStorage */; };
		06572FD2292D351C001C5E95 /* FirebaseStorageCombine-Community in Frameworks */ = {isa = PBXBuildFile; productRef = 06572FD1292D351C001C5E95 /* FirebaseStorageCombine-Community */; };
		06580537293C1E7900EB817C /* UserProfile.swift in Sources */ = {isa = PBXBuildFile; fileRef = 06580536293C1E7900EB817C /* UserProfile.swift */; };
		06580539293C1E8700EB817C /* Home.swift in Sources */ = {isa = PBXBuildFile; fileRef = 06580538293C1E8700EB817C /* Home.swift */; };
		0658053B293C1E9F00EB817C /* Restaurants.swift in Sources */ = {isa = PBXBuildFile; fileRef = 0658053A293C1E9F00EB817C /* Restaurants.swift */; };
		0658053D293C1ECB00EB817C /* FrontEndTabView.swift in Sources */ = {isa = PBXBuildFile; fileRef = 0658053C293C1ECB00EB817C /* FrontEndTabView.swift */; };
		066D47EA295E4E7E0081512E /* SetDiscountOfTheDay.swift in Sources */ = {isa = PBXBuildFile; fileRef = 066D47E9295E4E7E0081512E /* SetDiscountOfTheDay.swift */; };
		0672C98E29457013004FE0F3 /* LogInAndSignUpModel.swift in Sources */ = {isa = PBXBuildFile; fileRef = 0672C98D29457013004FE0F3 /* LogInAndSignUpModel.swift */; };
		0676138D2975086900AAD746 /* RestaurantViewBuilder.swift in Sources */ = {isa = PBXBuildFile; fileRef = 0676138C2975086900AAD746 /* RestaurantViewBuilder.swift */; };
		069129C42932EE3100254AEC /* ReusableMethods.swift in Sources */ = {isa = PBXBuildFile; fileRef = 069129C32932EE3100254AEC /* ReusableMethods.swift */; };
		069129C62932F76100254AEC /* LogInAndSignUp.swift in Sources */ = {isa = PBXBuildFile; fileRef = 069129C52932F76100254AEC /* LogInAndSignUp.swift */; };
		06CBD2BB29651E4E00CAD2EA /* Coupon.swift in Sources */ = {isa = PBXBuildFile; fileRef = 06CBD2BA29651E4E00CAD2EA /* Coupon.swift */; };
/* End PBXBuildFile section */

/* Begin PBXContainerItemProxy section */
		0648F1942915E682004E8B02 /* PBXContainerItemProxy */ = {
			isa = PBXContainerItemProxy;
			containerPortal = 0648F17A2915E681004E8B02 /* Project object */;
			proxyType = 1;
			remoteGlobalIDString = 0648F1812915E681004E8B02;
			remoteInfo = LunchBoxApp;
		};
		0648F19E2915E682004E8B02 /* PBXContainerItemProxy */ = {
			isa = PBXContainerItemProxy;
			containerPortal = 0648F17A2915E681004E8B02 /* Project object */;
			proxyType = 1;
			remoteGlobalIDString = 0648F1812915E681004E8B02;
			remoteInfo = LunchBoxApp;
		};
/* End PBXContainerItemProxy section */

/* Begin PBXFileReference section */
		0648F1822915E681004E8B02 /* LunchBoxApp.app */ = {isa = PBXFileReference; explicitFileType = wrapper.application; includeInIndex = 0; path = LunchBoxApp.app; sourceTree = BUILT_PRODUCTS_DIR; };
		0648F1852915E681004E8B02 /* LunchBoxAppApp.swift */ = {isa = PBXFileReference; lastKnownFileType = sourcecode.swift; path = LunchBoxAppApp.swift; sourceTree = "<group>"; };
		0648F1872915E681004E8B02 /* ContentView.swift */ = {isa = PBXFileReference; lastKnownFileType = sourcecode.swift; path = ContentView.swift; sourceTree = "<group>"; };
		0648F1892915E682004E8B02 /* Assets.xcassets */ = {isa = PBXFileReference; lastKnownFileType = folder.assetcatalog; path = Assets.xcassets; sourceTree = "<group>"; };
		0648F18B2915E682004E8B02 /* LunchBoxApp.entitlements */ = {isa = PBXFileReference; lastKnownFileType = text.plist.entitlements; path = LunchBoxApp.entitlements; sourceTree = "<group>"; };
		0648F18D2915E682004E8B02 /* Preview Assets.xcassets */ = {isa = PBXFileReference; lastKnownFileType = folder.assetcatalog; path = "Preview Assets.xcassets"; sourceTree = "<group>"; };
		0648F1932915E682004E8B02 /* LunchBoxAppTests.xctest */ = {isa = PBXFileReference; explicitFileType = wrapper.cfbundle; includeInIndex = 0; path = LunchBoxAppTests.xctest; sourceTree = BUILT_PRODUCTS_DIR; };
		0648F1972915E682004E8B02 /* LunchBoxAppTests.swift */ = {isa = PBXFileReference; lastKnownFileType = sourcecode.swift; path = LunchBoxAppTests.swift; sourceTree = "<group>"; };
		0648F19D2915E682004E8B02 /* LunchBoxAppUITests.xctest */ = {isa = PBXFileReference; explicitFileType = wrapper.cfbundle; includeInIndex = 0; path = LunchBoxAppUITests.xctest; sourceTree = BUILT_PRODUCTS_DIR; };
		0648F1A12915E682004E8B02 /* LunchBoxAppUITests.swift */ = {isa = PBXFileReference; lastKnownFileType = sourcecode.swift; path = LunchBoxAppUITests.swift; sourceTree = "<group>"; };
		0648F1A32915E682004E8B02 /* LunchBoxAppUITestsLaunchTests.swift */ = {isa = PBXFileReference; lastKnownFileType = sourcecode.swift; path = LunchBoxAppUITestsLaunchTests.swift; sourceTree = "<group>"; };
		0648F1B42915E6E0004E8B02 /* AdminPanel1.swift */ = {isa = PBXFileReference; lastKnownFileType = sourcecode.swift; path = AdminPanel1.swift; sourceTree = "<group>"; };
		0648F1B62915E72C004E8B02 /* User.swift */ = {isa = PBXFileReference; lastKnownFileType = sourcecode.swift; path = User.swift; sourceTree = "<group>"; };
		0648F1B82915E741004E8B02 /* SubPack.swift */ = {isa = PBXFileReference; lastKnownFileType = sourcecode.swift; path = SubPack.swift; sourceTree = "<group>"; };
		0648F1BA2915E75E004E8B02 /* Restaurant.swift */ = {isa = PBXFileReference; lastKnownFileType = sourcecode.swift; path = Restaurant.swift; sourceTree = "<group>"; };
		0648F1BC2915E77C004E8B02 /* MenuItem.swift */ = {isa = PBXFileReference; lastKnownFileType = sourcecode.swift; path = MenuItem.swift; sourceTree = "<group>"; };
		064A3DD02975EF08003EB99A /* MenuItemImageView.swift */ = {isa = PBXFileReference; lastKnownFileType = sourcecode.swift; path = MenuItemImageView.swift; sourceTree = "<group>"; };
		064B317E29217A1200891D6D /* AdminPanelTabView.swift */ = {isa = PBXFileReference; lastKnownFileType = sourcecode.swift; path = AdminPanelTabView.swift; sourceTree = "<group>"; };
		064B318029217FC600891D6D /* AdminPanel2PackInit.swift */ = {isa = PBXFileReference; lastKnownFileType = sourcecode.swift; path = AdminPanel2PackInit.swift; sourceTree = "<group>"; };
		064B31822921835600891D6D /* AdminPanel3MenuInit.swift */ = {isa = PBXFileReference; lastKnownFileType = sourcecode.swift; path = AdminPanel3MenuInit.swift; sourceTree = "<group>"; };
		064F7A442965CD0E00E04B80 /* Coupons.swift */ = {isa = PBXFileReference; lastKnownFileType = sourcecode.swift; path = Coupons.swift; sourceTree = "<group>"; };
		065217DE29515CD2004C132A /* RestaurantView.swift */ = {isa = PBXFileReference; lastKnownFileType = sourcecode.swift; path = RestaurantView.swift; sourceTree = "<group>"; };
		06572F9A292D338F001C5E95 /* GoogleService-Info.plist */ = {isa = PBXFileReference; fileEncoding = 4; lastKnownFileType = text.plist.xml; name = "GoogleService-Info.plist"; path = "../../../../../Downloads/GoogleService-Info.plist"; sourceTree = "<group>"; };
		06580536293C1E7900EB817C /* UserProfile.swift */ = {isa = PBXFileReference; lastKnownFileType = sourcecode.swift; path = UserProfile.swift; sourceTree = "<group>"; };
		06580538293C1E8700EB817C /* Home.swift */ = {isa = PBXFileReference; lastKnownFileType = sourcecode.swift; path = Home.swift; sourceTree = "<group>"; };
		0658053A293C1E9F00EB817C /* Restaurants.swift */ = {isa = PBXFileReference; lastKnownFileType = sourcecode.swift; path = Restaurants.swift; sourceTree = "<group>"; };
		0658053C293C1ECB00EB817C /* FrontEndTabView.swift */ = {isa = PBXFileReference; lastKnownFileType = sourcecode.swift; path = FrontEndTabView.swift; sourceTree = "<group>"; };
		066D47E9295E4E7E0081512E /* SetDiscountOfTheDay.swift */ = {isa = PBXFileReference; lastKnownFileType = sourcecode.swift; path = SetDiscountOfTheDay.swift; sourceTree = "<group>"; };
		0672C98D29457013004FE0F3 /* LogInAndSignUpModel.swift */ = {isa = PBXFileReference; lastKnownFileType = sourcecode.swift; path = LogInAndSignUpModel.swift; sourceTree = "<group>"; };
		0676138C2975086900AAD746 /* RestaurantViewBuilder.swift */ = {isa = PBXFileReference; lastKnownFileType = sourcecode.swift; path = RestaurantViewBuilder.swift; sourceTree = "<group>"; };
		069129C32932EE3100254AEC /* ReusableMethods.swift */ = {isa = PBXFileReference; lastKnownFileType = sourcecode.swift; path = ReusableMethods.swift; sourceTree = "<group>"; };
		069129C52932F76100254AEC /* LogInAndSignUp.swift */ = {isa = PBXFileReference; lastKnownFileType = sourcecode.swift; path = LogInAndSignUp.swift; sourceTree = "<group>"; };
		06CBD2BA29651E4E00CAD2EA /* Coupon.swift */ = {isa = PBXFileReference; lastKnownFileType = sourcecode.swift; path = Coupon.swift; sourceTree = "<group>"; };
/* End PBXFileReference section */

/* Begin PBXFrameworksBuildPhase section */
		0648F17F2915E681004E8B02 /* Frameworks */ = {
			isa = PBXFrameworksBuildPhase;
			buildActionMask = 2147483647;
			files = (
				06572FB0292D351B001C5E95 /* FirebaseDatabase in Frameworks */,
				06572FBE292D351B001C5E95 /* FirebaseFunctionsCombine-Community in Frameworks */,
				06572FB6292D351B001C5E95 /* FirebaseFirestore in Frameworks */,
				06572FA2292D351B001C5E95 /* FirebaseAnalyticsSwift in Frameworks */,
				06572F9E292D351B001C5E95 /* FirebaseAnalytics in Frameworks */,
				06572FA0292D351B001C5E95 /* FirebaseAnalyticsOnDeviceConversion in Frameworks */,
				06572FC6292D351B001C5E95 /* FirebaseMLModelDownloader in Frameworks */,
				06572FBA292D351B001C5E95 /* FirebaseFirestoreSwift in Frameworks */,
				06572FA6292D351B001C5E95 /* FirebaseAppCheck in Frameworks */,
				06572FA4292D351B001C5E95 /* FirebaseAnalyticsWithoutAdIdSupport in Frameworks */,
				06572FAA292D351B001C5E95 /* FirebaseAuth in Frameworks */,
				06572FAE292D351B001C5E95 /* FirebaseCrashlytics in Frameworks */,
				06572FCE292D351C001C5E95 /* FirebaseRemoteConfigSwift in Frameworks */,
				06572FC0292D351B001C5E95 /* FirebaseInAppMessaging-Beta in Frameworks */,
				06572FB2292D351B001C5E95 /* FirebaseDatabaseSwift in Frameworks */,
				06572FBC292D351B001C5E95 /* FirebaseFunctions in Frameworks */,
				06572FD2292D351C001C5E95 /* FirebaseStorageCombine-Community in Frameworks */,
				06572FCC292D351C001C5E95 /* FirebaseRemoteConfig in Frameworks */,
				06572FA8292D351B001C5E95 /* FirebaseAppDistribution-Beta in Frameworks */,
				06572FAC292D351B001C5E95 /* FirebaseAuthCombine-Community in Frameworks */,
				06572FCA292D351B001C5E95 /* FirebasePerformance in Frameworks */,
				06572FC2292D351B001C5E95 /* FirebaseInAppMessagingSwift-Beta in Frameworks */,
				06572FD0292D351C001C5E95 /* FirebaseStorage in Frameworks */,
				06572FB4292D351B001C5E95 /* FirebaseDynamicLinks in Frameworks */,
				06572FB8292D351B001C5E95 /* FirebaseFirestoreCombine-Community in Frameworks */,
				06572FC8292D351B001C5E95 /* FirebaseMessaging in Frameworks */,
				06572FC4292D351B001C5E95 /* FirebaseInstallations in Frameworks */,
			);
			runOnlyForDeploymentPostprocessing = 0;
		};
		0648F1902915E682004E8B02 /* Frameworks */ = {
			isa = PBXFrameworksBuildPhase;
			buildActionMask = 2147483647;
			files = (
			);
			runOnlyForDeploymentPostprocessing = 0;
		};
		0648F19A2915E682004E8B02 /* Frameworks */ = {
			isa = PBXFrameworksBuildPhase;
			buildActionMask = 2147483647;
			files = (
			);
			runOnlyForDeploymentPostprocessing = 0;
		};
/* End PBXFrameworksBuildPhase section */

/* Begin PBXGroup section */
		0648F1792915E681004E8B02 = {
			isa = PBXGroup;
			children = (
				0648F1842915E681004E8B02 /* LunchBoxApp */,
				0648F1962915E682004E8B02 /* LunchBoxAppTests */,
				0648F1A02915E682004E8B02 /* LunchBoxAppUITests */,
				0648F1832915E681004E8B02 /* Products */,
			);
			sourceTree = "<group>";
		};
		0648F1832915E681004E8B02 /* Products */ = {
			isa = PBXGroup;
			children = (
				0648F1822915E681004E8B02 /* LunchBoxApp.app */,
				0648F1932915E682004E8B02 /* LunchBoxAppTests.xctest */,
				0648F19D2915E682004E8B02 /* LunchBoxAppUITests.xctest */,
			);
			name = Products;
			sourceTree = "<group>";
		};
		0648F1842915E681004E8B02 /* LunchBoxApp */ = {
			isa = PBXGroup;
			children = (
				0648F1B12915E6AD004E8B02 /* Views */,
				0648F1B02915E69E004E8B02 /* Models and Classes */,
				0648F1852915E681004E8B02 /* LunchBoxAppApp.swift */,
				06572F9A292D338F001C5E95 /* GoogleService-Info.plist */,
				0648F1892915E682004E8B02 /* Assets.xcassets */,
				0648F18B2915E682004E8B02 /* LunchBoxApp.entitlements */,
				0648F18C2915E682004E8B02 /* Preview Content */,
			);
			path = LunchBoxApp;
			sourceTree = "<group>";
		};
		0648F18C2915E682004E8B02 /* Preview Content */ = {
			isa = PBXGroup;
			children = (
				0648F18D2915E682004E8B02 /* Preview Assets.xcassets */,
			);
			path = "Preview Content";
			sourceTree = "<group>";
		};
		0648F1962915E682004E8B02 /* LunchBoxAppTests */ = {
			isa = PBXGroup;
			children = (
				0648F1972915E682004E8B02 /* LunchBoxAppTests.swift */,
			);
			path = LunchBoxAppTests;
			sourceTree = "<group>";
		};
		0648F1A02915E682004E8B02 /* LunchBoxAppUITests */ = {
			isa = PBXGroup;
			children = (
				0648F1A12915E682004E8B02 /* LunchBoxAppUITests.swift */,
				0648F1A32915E682004E8B02 /* LunchBoxAppUITestsLaunchTests.swift */,
			);
			path = LunchBoxAppUITests;
			sourceTree = "<group>";
		};
		0648F1B02915E69E004E8B02 /* Models and Classes */ = {
			isa = PBXGroup;
			children = (
				0648F1B62915E72C004E8B02 /* User.swift */,
				0648F1B82915E741004E8B02 /* SubPack.swift */,
				0648F1BA2915E75E004E8B02 /* Restaurant.swift */,
				0648F1BC2915E77C004E8B02 /* MenuItem.swift */,
				06CBD2BA29651E4E00CAD2EA /* Coupon.swift */,
				069129C32932EE3100254AEC /* ReusableMethods.swift */,
				0672C98D29457013004FE0F3 /* LogInAndSignUpModel.swift */,
			);
			path = "Models and Classes";
			sourceTree = "<group>";
		};
		0648F1B12915E6AD004E8B02 /* Views */ = {
			isa = PBXGroup;
			children = (
				0648F1872915E681004E8B02 /* ContentView.swift */,
				0648F1B42915E6E0004E8B02 /* AdminPanel1.swift */,
				064B318029217FC600891D6D /* AdminPanel2PackInit.swift */,
				064B31822921835600891D6D /* AdminPanel3MenuInit.swift */,
				066D47E9295E4E7E0081512E /* SetDiscountOfTheDay.swift */,
				064B317E29217A1200891D6D /* AdminPanelTabView.swift */,
				069129C52932F76100254AEC /* LogInAndSignUp.swift */,
				06580536293C1E7900EB817C /* UserProfile.swift */,
				06580538293C1E8700EB817C /* Home.swift */,
				0658053A293C1E9F00EB817C /* Restaurants.swift */,
				0676138C2975086900AAD746 /* RestaurantViewBuilder.swift */,
				064A3DD02975EF08003EB99A /* MenuItemImageView.swift */,
				065217DE29515CD2004C132A /* RestaurantView.swift */,
				064F7A442965CD0E00E04B80 /* Coupons.swift */,
				0658053C293C1ECB00EB817C /* FrontEndTabView.swift */,
			);
			path = Views;
			sourceTree = "<group>";
		};
/* End PBXGroup section */

/* Begin PBXNativeTarget section */
		0648F1812915E681004E8B02 /* LunchBoxApp */ = {
			isa = PBXNativeTarget;
			buildConfigurationList = 0648F1A72915E682004E8B02 /* Build configuration list for PBXNativeTarget "LunchBoxApp" */;
			buildPhases = (
				0648F17E2915E681004E8B02 /* Sources */,
				0648F17F2915E681004E8B02 /* Frameworks */,
				0648F1802915E681004E8B02 /* Resources */,
			);
			buildRules = (
			);
			dependencies = (
			);
			name = LunchBoxApp;
			packageProductDependencies = (
				06572F9D292D351B001C5E95 /* FirebaseAnalytics */,
				06572F9F292D351B001C5E95 /* FirebaseAnalyticsOnDeviceConversion */,
				06572FA1292D351B001C5E95 /* FirebaseAnalyticsSwift */,
				06572FA3292D351B001C5E95 /* FirebaseAnalyticsWithoutAdIdSupport */,
				06572FA5292D351B001C5E95 /* FirebaseAppCheck */,
				06572FA7292D351B001C5E95 /* FirebaseAppDistribution-Beta */,
				06572FA9292D351B001C5E95 /* FirebaseAuth */,
				06572FAB292D351B001C5E95 /* FirebaseAuthCombine-Community */,
				06572FAD292D351B001C5E95 /* FirebaseCrashlytics */,
				06572FAF292D351B001C5E95 /* FirebaseDatabase */,
				06572FB1292D351B001C5E95 /* FirebaseDatabaseSwift */,
				06572FB3292D351B001C5E95 /* FirebaseDynamicLinks */,
				06572FB5292D351B001C5E95 /* FirebaseFirestore */,
				06572FB7292D351B001C5E95 /* FirebaseFirestoreCombine-Community */,
				06572FB9292D351B001C5E95 /* FirebaseFirestoreSwift */,
				06572FBB292D351B001C5E95 /* FirebaseFunctions */,
				06572FBD292D351B001C5E95 /* FirebaseFunctionsCombine-Community */,
				06572FBF292D351B001C5E95 /* FirebaseInAppMessaging-Beta */,
				06572FC1292D351B001C5E95 /* FirebaseInAppMessagingSwift-Beta */,
				06572FC3292D351B001C5E95 /* FirebaseInstallations */,
				06572FC5292D351B001C5E95 /* FirebaseMLModelDownloader */,
				06572FC7292D351B001C5E95 /* FirebaseMessaging */,
				06572FC9292D351B001C5E95 /* FirebasePerformance */,
				06572FCB292D351C001C5E95 /* FirebaseRemoteConfig */,
				06572FCD292D351C001C5E95 /* FirebaseRemoteConfigSwift */,
				06572FCF292D351C001C5E95 /* FirebaseStorage */,
				06572FD1292D351C001C5E95 /* FirebaseStorageCombine-Community */,
			);
			productName = LunchBoxApp;
			productReference = 0648F1822915E681004E8B02 /* LunchBoxApp.app */;
			productType = "com.apple.product-type.application";
		};
		0648F1922915E682004E8B02 /* LunchBoxAppTests */ = {
			isa = PBXNativeTarget;
			buildConfigurationList = 0648F1AA2915E682004E8B02 /* Build configuration list for PBXNativeTarget "LunchBoxAppTests" */;
			buildPhases = (
				0648F18F2915E682004E8B02 /* Sources */,
				0648F1902915E682004E8B02 /* Frameworks */,
				0648F1912915E682004E8B02 /* Resources */,
			);
			buildRules = (
			);
			dependencies = (
				0648F1952915E682004E8B02 /* PBXTargetDependency */,
			);
			name = LunchBoxAppTests;
			productName = LunchBoxAppTests;
			productReference = 0648F1932915E682004E8B02 /* LunchBoxAppTests.xctest */;
			productType = "com.apple.product-type.bundle.unit-test";
		};
		0648F19C2915E682004E8B02 /* LunchBoxAppUITests */ = {
			isa = PBXNativeTarget;
			buildConfigurationList = 0648F1AD2915E682004E8B02 /* Build configuration list for PBXNativeTarget "LunchBoxAppUITests" */;
			buildPhases = (
				0648F1992915E682004E8B02 /* Sources */,
				0648F19A2915E682004E8B02 /* Frameworks */,
				0648F19B2915E682004E8B02 /* Resources */,
			);
			buildRules = (
			);
			dependencies = (
				0648F19F2915E682004E8B02 /* PBXTargetDependency */,
			);
			name = LunchBoxAppUITests;
			productName = LunchBoxAppUITests;
			productReference = 0648F19D2915E682004E8B02 /* LunchBoxAppUITests.xctest */;
			productType = "com.apple.product-type.bundle.ui-testing";
		};
/* End PBXNativeTarget section */

/* Begin PBXProject section */
		0648F17A2915E681004E8B02 /* Project object */ = {
			isa = PBXProject;
			attributes = {
				BuildIndependentTargetsInParallel = 1;
				LastSwiftUpdateCheck = 1410;
				LastUpgradeCheck = 1410;
				TargetAttributes = {
					0648F1812915E681004E8B02 = {
						CreatedOnToolsVersion = 14.1;
					};
					0648F1922915E682004E8B02 = {
						CreatedOnToolsVersion = 14.1;
						TestTargetID = 0648F1812915E681004E8B02;
					};
					0648F19C2915E682004E8B02 = {
						CreatedOnToolsVersion = 14.1;
						TestTargetID = 0648F1812915E681004E8B02;
					};
				};
			};
			buildConfigurationList = 0648F17D2915E681004E8B02 /* Build configuration list for PBXProject "LunchBoxApp" */;
			compatibilityVersion = "Xcode 14.0";
			developmentRegion = en;
			hasScannedForEncodings = 0;
			knownRegions = (
				en,
				Base,
			);
			mainGroup = 0648F1792915E681004E8B02;
			packageReferences = (
				06572F9C292D351B001C5E95 /* XCRemoteSwiftPackageReference "firebase-ios-sdk" */,
			);
			productRefGroup = 0648F1832915E681004E8B02 /* Products */;
			projectDirPath = "";
			projectRoot = "";
			targets = (
				0648F1812915E681004E8B02 /* LunchBoxApp */,
				0648F1922915E682004E8B02 /* LunchBoxAppTests */,
				0648F19C2915E682004E8B02 /* LunchBoxAppUITests */,
			);
		};
/* End PBXProject section */

/* Begin PBXResourcesBuildPhase section */
		0648F1802915E681004E8B02 /* Resources */ = {
			isa = PBXResourcesBuildPhase;
			buildActionMask = 2147483647;
			files = (
				0648F18E2915E682004E8B02 /* Preview Assets.xcassets in Resources */,
				0648F18A2915E682004E8B02 /* Assets.xcassets in Resources */,
				06572F9B292D338F001C5E95 /* GoogleService-Info.plist in Resources */,
			);
			runOnlyForDeploymentPostprocessing = 0;
		};
		0648F1912915E682004E8B02 /* Resources */ = {
			isa = PBXResourcesBuildPhase;
			buildActionMask = 2147483647;
			files = (
			);
			runOnlyForDeploymentPostprocessing = 0;
		};
		0648F19B2915E682004E8B02 /* Resources */ = {
			isa = PBXResourcesBuildPhase;
			buildActionMask = 2147483647;
			files = (
			);
			runOnlyForDeploymentPostprocessing = 0;
		};
/* End PBXResourcesBuildPhase section */

/* Begin PBXSourcesBuildPhase section */
		0648F17E2915E681004E8B02 /* Sources */ = {
			isa = PBXSourcesBuildPhase;
			buildActionMask = 2147483647;
			files = (
				0648F1BD2915E77C004E8B02 /* MenuItem.swift in Sources */,
				0676138D2975086900AAD746 /* RestaurantViewBuilder.swift in Sources */,
				064F7A452965CD0E00E04B80 /* Coupons.swift in Sources */,
				0648F1B72915E72C004E8B02 /* User.swift in Sources */,
				0658053D293C1ECB00EB817C /* FrontEndTabView.swift in Sources */,
				06580537293C1E7900EB817C /* UserProfile.swift in Sources */,
				064B318129217FC600891D6D /* AdminPanel2PackInit.swift in Sources */,
				065217DF29515CD2004C132A /* RestaurantView.swift in Sources */,
				069129C42932EE3100254AEC /* ReusableMethods.swift in Sources */,
				0648F1882915E681004E8B02 /* ContentView.swift in Sources */,
				0648F1BB2915E75E004E8B02 /* Restaurant.swift in Sources */,
				06580539293C1E8700EB817C /* Home.swift in Sources */,
				0658053B293C1E9F00EB817C /* Restaurants.swift in Sources */,
				0672C98E29457013004FE0F3 /* LogInAndSignUpModel.swift in Sources */,
				0648F1B92915E741004E8B02 /* SubPack.swift in Sources */,
				064B317F29217A1200891D6D /* AdminPanelTabView.swift in Sources */,
				064A3DD12975EF08003EB99A /* MenuItemImageView.swift in Sources */,
				064B31832921835600891D6D /* AdminPanel3MenuInit.swift in Sources */,
				06CBD2BB29651E4E00CAD2EA /* Coupon.swift in Sources */,
				069129C62932F76100254AEC /* LogInAndSignUp.swift in Sources */,
				0648F1B52915E6E0004E8B02 /* AdminPanel1.swift in Sources */,
				066D47EA295E4E7E0081512E /* SetDiscountOfTheDay.swift in Sources */,
				0648F1862915E681004E8B02 /* LunchBoxAppApp.swift in Sources */,
			);
			runOnlyForDeploymentPostprocessing = 0;
		};
		0648F18F2915E682004E8B02 /* Sources */ = {
			isa = PBXSourcesBuildPhase;
			buildActionMask = 2147483647;
			files = (
				0648F1982915E682004E8B02 /* LunchBoxAppTests.swift in Sources */,
			);
			runOnlyForDeploymentPostprocessing = 0;
		};
		0648F1992915E682004E8B02 /* Sources */ = {
			isa = PBXSourcesBuildPhase;
			buildActionMask = 2147483647;
			files = (
				0648F1A22915E682004E8B02 /* LunchBoxAppUITests.swift in Sources */,
				0648F1A42915E682004E8B02 /* LunchBoxAppUITestsLaunchTests.swift in Sources */,
			);
			runOnlyForDeploymentPostprocessing = 0;
		};
/* End PBXSourcesBuildPhase section */

/* Begin PBXTargetDependency section */
		0648F1952915E682004E8B02 /* PBXTargetDependency */ = {
			isa = PBXTargetDependency;
			target = 0648F1812915E681004E8B02 /* LunchBoxApp */;
			targetProxy = 0648F1942915E682004E8B02 /* PBXContainerItemProxy */;
		};
		0648F19F2915E682004E8B02 /* PBXTargetDependency */ = {
			isa = PBXTargetDependency;
			target = 0648F1812915E681004E8B02 /* LunchBoxApp */;
			targetProxy = 0648F19E2915E682004E8B02 /* PBXContainerItemProxy */;
		};
/* End PBXTargetDependency section */

/* Begin XCBuildConfiguration section */
		0648F1A52915E682004E8B02 /* Debug */ = {
			isa = XCBuildConfiguration;
			buildSettings = {
				ALWAYS_SEARCH_USER_PATHS = NO;
				CLANG_ANALYZER_NONNULL = YES;
				CLANG_ANALYZER_NUMBER_OBJECT_CONVERSION = YES_AGGRESSIVE;
				CLANG_CXX_LANGUAGE_STANDARD = "gnu++20";
				CLANG_ENABLE_MODULES = YES;
				CLANG_ENABLE_OBJC_ARC = YES;
				CLANG_ENABLE_OBJC_WEAK = YES;
				CLANG_WARN_BLOCK_CAPTURE_AUTORELEASING = YES;
				CLANG_WARN_BOOL_CONVERSION = YES;
				CLANG_WARN_COMMA = YES;
				CLANG_WARN_CONSTANT_CONVERSION = YES;
				CLANG_WARN_DEPRECATED_OBJC_IMPLEMENTATIONS = YES;
				CLANG_WARN_DIRECT_OBJC_ISA_USAGE = YES_ERROR;
				CLANG_WARN_DOCUMENTATION_COMMENTS = YES;
				CLANG_WARN_EMPTY_BODY = YES;
				CLANG_WARN_ENUM_CONVERSION = YES;
				CLANG_WARN_INFINITE_RECURSION = YES;
				CLANG_WARN_INT_CONVERSION = YES;
				CLANG_WARN_NON_LITERAL_NULL_CONVERSION = YES;
				CLANG_WARN_OBJC_IMPLICIT_RETAIN_SELF = YES;
				CLANG_WARN_OBJC_LITERAL_CONVERSION = YES;
				CLANG_WARN_OBJC_ROOT_CLASS = YES_ERROR;
				CLANG_WARN_QUOTED_INCLUDE_IN_FRAMEWORK_HEADER = YES;
				CLANG_WARN_RANGE_LOOP_ANALYSIS = YES;
				CLANG_WARN_STRICT_PROTOTYPES = YES;
				CLANG_WARN_SUSPICIOUS_MOVE = YES;
				CLANG_WARN_UNGUARDED_AVAILABILITY = YES_AGGRESSIVE;
				CLANG_WARN_UNREACHABLE_CODE = YES;
				CLANG_WARN__DUPLICATE_METHOD_MATCH = YES;
				COPY_PHASE_STRIP = NO;
				DEBUG_INFORMATION_FORMAT = dwarf;
				ENABLE_STRICT_OBJC_MSGSEND = YES;
				ENABLE_TESTABILITY = YES;
				GCC_C_LANGUAGE_STANDARD = gnu11;
				GCC_DYNAMIC_NO_PIC = NO;
				GCC_NO_COMMON_BLOCKS = YES;
				GCC_OPTIMIZATION_LEVEL = 0;
				GCC_PREPROCESSOR_DEFINITIONS = (
					"DEBUG=1",
					"$(inherited)",
				);
				GCC_WARN_64_TO_32_BIT_CONVERSION = YES;
				GCC_WARN_ABOUT_RETURN_TYPE = YES_ERROR;
				GCC_WARN_UNDECLARED_SELECTOR = YES;
				GCC_WARN_UNINITIALIZED_AUTOS = YES_AGGRESSIVE;
				GCC_WARN_UNUSED_FUNCTION = YES;
				GCC_WARN_UNUSED_VARIABLE = YES;
				MTL_ENABLE_DEBUG_INFO = INCLUDE_SOURCE;
				MTL_FAST_MATH = YES;
				ONLY_ACTIVE_ARCH = YES;
				SWIFT_ACTIVE_COMPILATION_CONDITIONS = DEBUG;
				SWIFT_OPTIMIZATION_LEVEL = "-Onone";
			};
			name = Debug;
		};
		0648F1A62915E682004E8B02 /* Release */ = {
			isa = XCBuildConfiguration;
			buildSettings = {
				ALWAYS_SEARCH_USER_PATHS = NO;
				CLANG_ANALYZER_NONNULL = YES;
				CLANG_ANALYZER_NUMBER_OBJECT_CONVERSION = YES_AGGRESSIVE;
				CLANG_CXX_LANGUAGE_STANDARD = "gnu++20";
				CLANG_ENABLE_MODULES = YES;
				CLANG_ENABLE_OBJC_ARC = YES;
				CLANG_ENABLE_OBJC_WEAK = YES;
				CLANG_WARN_BLOCK_CAPTURE_AUTORELEASING = YES;
				CLANG_WARN_BOOL_CONVERSION = YES;
				CLANG_WARN_COMMA = YES;
				CLANG_WARN_CONSTANT_CONVERSION = YES;
				CLANG_WARN_DEPRECATED_OBJC_IMPLEMENTATIONS = YES;
				CLANG_WARN_DIRECT_OBJC_ISA_USAGE = YES_ERROR;
				CLANG_WARN_DOCUMENTATION_COMMENTS = YES;
				CLANG_WARN_EMPTY_BODY = YES;
				CLANG_WARN_ENUM_CONVERSION = YES;
				CLANG_WARN_INFINITE_RECURSION = YES;
				CLANG_WARN_INT_CONVERSION = YES;
				CLANG_WARN_NON_LITERAL_NULL_CONVERSION = YES;
				CLANG_WARN_OBJC_IMPLICIT_RETAIN_SELF = YES;
				CLANG_WARN_OBJC_LITERAL_CONVERSION = YES;
				CLANG_WARN_OBJC_ROOT_CLASS = YES_ERROR;
				CLANG_WARN_QUOTED_INCLUDE_IN_FRAMEWORK_HEADER = YES;
				CLANG_WARN_RANGE_LOOP_ANALYSIS = YES;
				CLANG_WARN_STRICT_PROTOTYPES = YES;
				CLANG_WARN_SUSPICIOUS_MOVE = YES;
				CLANG_WARN_UNGUARDED_AVAILABILITY = YES_AGGRESSIVE;
				CLANG_WARN_UNREACHABLE_CODE = YES;
				CLANG_WARN__DUPLICATE_METHOD_MATCH = YES;
				COPY_PHASE_STRIP = NO;
				DEBUG_INFORMATION_FORMAT = "dwarf-with-dsym";
				ENABLE_NS_ASSERTIONS = NO;
				ENABLE_STRICT_OBJC_MSGSEND = YES;
				GCC_C_LANGUAGE_STANDARD = gnu11;
				GCC_NO_COMMON_BLOCKS = YES;
				GCC_WARN_64_TO_32_BIT_CONVERSION = YES;
				GCC_WARN_ABOUT_RETURN_TYPE = YES_ERROR;
				GCC_WARN_UNDECLARED_SELECTOR = YES;
				GCC_WARN_UNINITIALIZED_AUTOS = YES_AGGRESSIVE;
				GCC_WARN_UNUSED_FUNCTION = YES;
				GCC_WARN_UNUSED_VARIABLE = YES;
				MTL_ENABLE_DEBUG_INFO = NO;
				MTL_FAST_MATH = YES;
				SWIFT_COMPILATION_MODE = wholemodule;
				SWIFT_OPTIMIZATION_LEVEL = "-O";
			};
			name = Release;
		};
		0648F1A82915E682004E8B02 /* Debug */ = {
			isa = XCBuildConfiguration;
			buildSettings = {
				ASSETCATALOG_COMPILER_APPICON_NAME = AppIcon;
				ASSETCATALOG_COMPILER_GLOBAL_ACCENT_COLOR_NAME = AccentColor;
				CODE_SIGN_ENTITLEMENTS = LunchBoxApp/LunchBoxApp.entitlements;
				CODE_SIGN_STYLE = Automatic;
				CURRENT_PROJECT_VERSION = 1;
				DEVELOPMENT_ASSET_PATHS = "\"LunchBoxApp/Preview Content\"";
				ENABLE_PREVIEWS = YES;
				GENERATE_INFOPLIST_FILE = YES;
				"INFOPLIST_KEY_UIApplicationSceneManifest_Generation[sdk=iphoneos*]" = YES;
				"INFOPLIST_KEY_UIApplicationSceneManifest_Generation[sdk=iphonesimulator*]" = YES;
				"INFOPLIST_KEY_UIApplicationSupportsIndirectInputEvents[sdk=iphoneos*]" = YES;
				"INFOPLIST_KEY_UIApplicationSupportsIndirectInputEvents[sdk=iphonesimulator*]" = YES;
				"INFOPLIST_KEY_UILaunchScreen_Generation[sdk=iphoneos*]" = YES;
				"INFOPLIST_KEY_UILaunchScreen_Generation[sdk=iphonesimulator*]" = YES;
				"INFOPLIST_KEY_UIStatusBarStyle[sdk=iphoneos*]" = UIStatusBarStyleDefault;
				"INFOPLIST_KEY_UIStatusBarStyle[sdk=iphonesimulator*]" = UIStatusBarStyleDefault;
				INFOPLIST_KEY_UISupportedInterfaceOrientations_iPad = "UIInterfaceOrientationPortrait UIInterfaceOrientationPortraitUpsideDown UIInterfaceOrientationLandscapeLeft UIInterfaceOrientationLandscapeRight";
				INFOPLIST_KEY_UISupportedInterfaceOrientations_iPhone = "UIInterfaceOrientationPortrait UIInterfaceOrientationLandscapeLeft UIInterfaceOrientationLandscapeRight";
				IPHONEOS_DEPLOYMENT_TARGET = 16.1;
				LD_RUNPATH_SEARCH_PATHS = "@executable_path/Frameworks";
				"LD_RUNPATH_SEARCH_PATHS[sdk=macosx*]" = "@executable_path/../Frameworks";
				MACOSX_DEPLOYMENT_TARGET = 12.6;
				MARKETING_VERSION = 1.0;
				PRODUCT_BUNDLE_IDENTIFIER = LunchBoxInc.LunchBoxApp;
				PRODUCT_NAME = "$(TARGET_NAME)";
				SDKROOT = auto;
				SUPPORTED_PLATFORMS = "iphoneos iphonesimulator macosx";
				SWIFT_EMIT_LOC_STRINGS = YES;
				SWIFT_VERSION = 5.0;
				TARGETED_DEVICE_FAMILY = "1,2";
			};
			name = Debug;
		};
		0648F1A92915E682004E8B02 /* Release */ = {
			isa = XCBuildConfiguration;
			buildSettings = {
				ASSETCATALOG_COMPILER_APPICON_NAME = AppIcon;
				ASSETCATALOG_COMPILER_GLOBAL_ACCENT_COLOR_NAME = AccentColor;
				CODE_SIGN_ENTITLEMENTS = LunchBoxApp/LunchBoxApp.entitlements;
				CODE_SIGN_STYLE = Automatic;
				CURRENT_PROJECT_VERSION = 1;
				DEVELOPMENT_ASSET_PATHS = "\"LunchBoxApp/Preview Content\"";
				ENABLE_PREVIEWS = YES;
				GENERATE_INFOPLIST_FILE = YES;
				"INFOPLIST_KEY_UIApplicationSceneManifest_Generation[sdk=iphoneos*]" = YES;
				"INFOPLIST_KEY_UIApplicationSceneManifest_Generation[sdk=iphonesimulator*]" = YES;
				"INFOPLIST_KEY_UIApplicationSupportsIndirectInputEvents[sdk=iphoneos*]" = YES;
				"INFOPLIST_KEY_UIApplicationSupportsIndirectInputEvents[sdk=iphonesimulator*]" = YES;
				"INFOPLIST_KEY_UILaunchScreen_Generation[sdk=iphoneos*]" = YES;
				"INFOPLIST_KEY_UILaunchScreen_Generation[sdk=iphonesimulator*]" = YES;
				"INFOPLIST_KEY_UIStatusBarStyle[sdk=iphoneos*]" = UIStatusBarStyleDefault;
				"INFOPLIST_KEY_UIStatusBarStyle[sdk=iphonesimulator*]" = UIStatusBarStyleDefault;
				INFOPLIST_KEY_UISupportedInterfaceOrientations_iPad = "UIInterfaceOrientationPortrait UIInterfaceOrientationPortraitUpsideDown UIInterfaceOrientationLandscapeLeft UIInterfaceOrientationLandscapeRight";
				INFOPLIST_KEY_UISupportedInterfaceOrientations_iPhone = "UIInterfaceOrientationPortrait UIInterfaceOrientationLandscapeLeft UIInterfaceOrientationLandscapeRight";
				IPHONEOS_DEPLOYMENT_TARGET = 16.1;
				LD_RUNPATH_SEARCH_PATHS = "@executable_path/Frameworks";
				"LD_RUNPATH_SEARCH_PATHS[sdk=macosx*]" = "@executable_path/../Frameworks";
				MACOSX_DEPLOYMENT_TARGET = 12.6;
				MARKETING_VERSION = 1.0;
				PRODUCT_BUNDLE_IDENTIFIER = LunchBoxInc.LunchBoxApp;
				PRODUCT_NAME = "$(TARGET_NAME)";
				SDKROOT = auto;
				SUPPORTED_PLATFORMS = "iphoneos iphonesimulator macosx";
				SWIFT_EMIT_LOC_STRINGS = YES;
				SWIFT_VERSION = 5.0;
				TARGETED_DEVICE_FAMILY = "1,2";
			};
			name = Release;
		};
		0648F1AB2915E682004E8B02 /* Debug */ = {
			isa = XCBuildConfiguration;
			buildSettings = {
				ALWAYS_EMBED_SWIFT_STANDARD_LIBRARIES = YES;
				BUNDLE_LOADER = "$(TEST_HOST)";
				CODE_SIGN_STYLE = Automatic;
				CURRENT_PROJECT_VERSION = 1;
				GENERATE_INFOPLIST_FILE = YES;
				IPHONEOS_DEPLOYMENT_TARGET = 16.1;
				MACOSX_DEPLOYMENT_TARGET = 12.6;
				MARKETING_VERSION = 1.0;
				PRODUCT_BUNDLE_IDENTIFIER = LunchBoxInc.LunchBoxAppTests;
				PRODUCT_NAME = "$(TARGET_NAME)";
				SDKROOT = auto;
				SUPPORTED_PLATFORMS = "iphoneos iphonesimulator macosx";
				SWIFT_EMIT_LOC_STRINGS = NO;
				SWIFT_VERSION = 5.0;
				TARGETED_DEVICE_FAMILY = "1,2";
				TEST_HOST = "$(BUILT_PRODUCTS_DIR)/LunchBoxApp.app/$(BUNDLE_EXECUTABLE_FOLDER_PATH)/LunchBoxApp";
			};
			name = Debug;
		};
		0648F1AC2915E682004E8B02 /* Release */ = {
			isa = XCBuildConfiguration;
			buildSettings = {
				ALWAYS_EMBED_SWIFT_STANDARD_LIBRARIES = YES;
				BUNDLE_LOADER = "$(TEST_HOST)";
				CODE_SIGN_STYLE = Automatic;
				CURRENT_PROJECT_VERSION = 1;
				GENERATE_INFOPLIST_FILE = YES;
				IPHONEOS_DEPLOYMENT_TARGET = 16.1;
				MACOSX_DEPLOYMENT_TARGET = 12.6;
				MARKETING_VERSION = 1.0;
				PRODUCT_BUNDLE_IDENTIFIER = LunchBoxInc.LunchBoxAppTests;
				PRODUCT_NAME = "$(TARGET_NAME)";
				SDKROOT = auto;
				SUPPORTED_PLATFORMS = "iphoneos iphonesimulator macosx";
				SWIFT_EMIT_LOC_STRINGS = NO;
				SWIFT_VERSION = 5.0;
				TARGETED_DEVICE_FAMILY = "1,2";
				TEST_HOST = "$(BUILT_PRODUCTS_DIR)/LunchBoxApp.app/$(BUNDLE_EXECUTABLE_FOLDER_PATH)/LunchBoxApp";
			};
			name = Release;
		};
		0648F1AE2915E682004E8B02 /* Debug */ = {
			isa = XCBuildConfiguration;
			buildSettings = {
				ALWAYS_EMBED_SWIFT_STANDARD_LIBRARIES = YES;
				CODE_SIGN_STYLE = Automatic;
				CURRENT_PROJECT_VERSION = 1;
				GENERATE_INFOPLIST_FILE = YES;
				IPHONEOS_DEPLOYMENT_TARGET = 16.1;
				MACOSX_DEPLOYMENT_TARGET = 12.6;
				MARKETING_VERSION = 1.0;
				PRODUCT_BUNDLE_IDENTIFIER = LunchBoxInc.LunchBoxAppUITests;
				PRODUCT_NAME = "$(TARGET_NAME)";
				SDKROOT = auto;
				SUPPORTED_PLATFORMS = "iphoneos iphonesimulator macosx";
				SWIFT_EMIT_LOC_STRINGS = NO;
				SWIFT_VERSION = 5.0;
				TARGETED_DEVICE_FAMILY = "1,2";
				TEST_TARGET_NAME = LunchBoxApp;
			};
			name = Debug;
		};
		0648F1AF2915E682004E8B02 /* Release */ = {
			isa = XCBuildConfiguration;
			buildSettings = {
				ALWAYS_EMBED_SWIFT_STANDARD_LIBRARIES = YES;
				CODE_SIGN_STYLE = Automatic;
				CURRENT_PROJECT_VERSION = 1;
				GENERATE_INFOPLIST_FILE = YES;
				IPHONEOS_DEPLOYMENT_TARGET = 16.1;
				MACOSX_DEPLOYMENT_TARGET = 12.6;
				MARKETING_VERSION = 1.0;
				PRODUCT_BUNDLE_IDENTIFIER = LunchBoxInc.LunchBoxAppUITests;
				PRODUCT_NAME = "$(TARGET_NAME)";
				SDKROOT = auto;
				SUPPORTED_PLATFORMS = "iphoneos iphonesimulator macosx";
				SWIFT_EMIT_LOC_STRINGS = NO;
				SWIFT_VERSION = 5.0;
				TARGETED_DEVICE_FAMILY = "1,2";
				TEST_TARGET_NAME = LunchBoxApp;
			};
			name = Release;
		};
/* End XCBuildConfiguration section */

/* Begin XCConfigurationList section */
		0648F17D2915E681004E8B02 /* Build configuration list for PBXProject "LunchBoxApp" */ = {
			isa = XCConfigurationList;
			buildConfigurations = (
				0648F1A52915E682004E8B02 /* Debug */,
				0648F1A62915E682004E8B02 /* Release */,
			);
			defaultConfigurationIsVisible = 0;
			defaultConfigurationName = Release;
		};
		0648F1A72915E682004E8B02 /* Build configuration list for PBXNativeTarget "LunchBoxApp" */ = {
			isa = XCConfigurationList;
			buildConfigurations = (
				0648F1A82915E682004E8B02 /* Debug */,
				0648F1A92915E682004E8B02 /* Release */,
			);
			defaultConfigurationIsVisible = 0;
			defaultConfigurationName = Release;
		};
		0648F1AA2915E682004E8B02 /* Build configuration list for PBXNativeTarget "LunchBoxAppTests" */ = {
			isa = XCConfigurationList;
			buildConfigurations = (
				0648F1AB2915E682004E8B02 /* Debug */,
				0648F1AC2915E682004E8B02 /* Release */,
			);
			defaultConfigurationIsVisible = 0;
			defaultConfigurationName = Release;
		};
		0648F1AD2915E682004E8B02 /* Build configuration list for PBXNativeTarget "LunchBoxAppUITests" */ = {
			isa = XCConfigurationList;
			buildConfigurations = (
				0648F1AE2915E682004E8B02 /* Debug */,
				0648F1AF2915E682004E8B02 /* Release */,
			);
			defaultConfigurationIsVisible = 0;
			defaultConfigurationName = Release;
		};
/* End XCConfigurationList section */

/* Begin XCRemoteSwiftPackageReference section */
		06572F9C292D351B001C5E95 /* XCRemoteSwiftPackageReference "firebase-ios-sdk" */ = {
			isa = XCRemoteSwiftPackageReference;
			repositoryURL = "https://github.com/firebase/firebase-ios-sdk";
			requirement = {
				branch = master;
				kind = branch;
			};
		};
/* End XCRemoteSwiftPackageReference section */

/* Begin XCSwiftPackageProductDependency section */
		06572F9D292D351B001C5E95 /* FirebaseAnalytics */ = {
			isa = XCSwiftPackageProductDependency;
			package = 06572F9C292D351B001C5E95 /* XCRemoteSwiftPackageReference "firebase-ios-sdk" */;
			productName = FirebaseAnalytics;
		};
		06572F9F292D351B001C5E95 /* FirebaseAnalyticsOnDeviceConversion */ = {
			isa = XCSwiftPackageProductDependency;
			package = 06572F9C292D351B001C5E95 /* XCRemoteSwiftPackageReference "firebase-ios-sdk" */;
			productName = FirebaseAnalyticsOnDeviceConversion;
		};
		06572FA1292D351B001C5E95 /* FirebaseAnalyticsSwift */ = {
			isa = XCSwiftPackageProductDependency;
			package = 06572F9C292D351B001C5E95 /* XCRemoteSwiftPackageReference "firebase-ios-sdk" */;
			productName = FirebaseAnalyticsSwift;
		};
		06572FA3292D351B001C5E95 /* FirebaseAnalyticsWithoutAdIdSupport */ = {
			isa = XCSwiftPackageProductDependency;
			package = 06572F9C292D351B001C5E95 /* XCRemoteSwiftPackageReference "firebase-ios-sdk" */;
			productName = FirebaseAnalyticsWithoutAdIdSupport;
		};
		06572FA5292D351B001C5E95 /* FirebaseAppCheck */ = {
			isa = XCSwiftPackageProductDependency;
			package = 06572F9C292D351B001C5E95 /* XCRemoteSwiftPackageReference "firebase-ios-sdk" */;
			productName = FirebaseAppCheck;
		};
		06572FA7292D351B001C5E95 /* FirebaseAppDistribution-Beta */ = {
			isa = XCSwiftPackageProductDependency;
			package = 06572F9C292D351B001C5E95 /* XCRemoteSwiftPackageReference "firebase-ios-sdk" */;
			productName = "FirebaseAppDistribution-Beta";
		};
		06572FA9292D351B001C5E95 /* FirebaseAuth */ = {
			isa = XCSwiftPackageProductDependency;
			package = 06572F9C292D351B001C5E95 /* XCRemoteSwiftPackageReference "firebase-ios-sdk" */;
			productName = FirebaseAuth;
		};
		06572FAB292D351B001C5E95 /* FirebaseAuthCombine-Community */ = {
			isa = XCSwiftPackageProductDependency;
			package = 06572F9C292D351B001C5E95 /* XCRemoteSwiftPackageReference "firebase-ios-sdk" */;
			productName = "FirebaseAuthCombine-Community";
		};
		06572FAD292D351B001C5E95 /* FirebaseCrashlytics */ = {
			isa = XCSwiftPackageProductDependency;
			package = 06572F9C292D351B001C5E95 /* XCRemoteSwiftPackageReference "firebase-ios-sdk" */;
			productName = FirebaseCrashlytics;
		};
		06572FAF292D351B001C5E95 /* FirebaseDatabase */ = {
			isa = XCSwiftPackageProductDependency;
			package = 06572F9C292D351B001C5E95 /* XCRemoteSwiftPackageReference "firebase-ios-sdk" */;
			productName = FirebaseDatabase;
		};
		06572FB1292D351B001C5E95 /* FirebaseDatabaseSwift */ = {
			isa = XCSwiftPackageProductDependency;
			package = 06572F9C292D351B001C5E95 /* XCRemoteSwiftPackageReference "firebase-ios-sdk" */;
			productName = FirebaseDatabaseSwift;
		};
		06572FB3292D351B001C5E95 /* FirebaseDynamicLinks */ = {
			isa = XCSwiftPackageProductDependency;
			package = 06572F9C292D351B001C5E95 /* XCRemoteSwiftPackageReference "firebase-ios-sdk" */;
			productName = FirebaseDynamicLinks;
		};
		06572FB5292D351B001C5E95 /* FirebaseFirestore */ = {
			isa = XCSwiftPackageProductDependency;
			package = 06572F9C292D351B001C5E95 /* XCRemoteSwiftPackageReference "firebase-ios-sdk" */;
			productName = FirebaseFirestore;
		};
		06572FB7292D351B001C5E95 /* FirebaseFirestoreCombine-Community */ = {
			isa = XCSwiftPackageProductDependency;
			package = 06572F9C292D351B001C5E95 /* XCRemoteSwiftPackageReference "firebase-ios-sdk" */;
			productName = "FirebaseFirestoreCombine-Community";
		};
		06572FB9292D351B001C5E95 /* FirebaseFirestoreSwift */ = {
			isa = XCSwiftPackageProductDependency;
			package = 06572F9C292D351B001C5E95 /* XCRemoteSwiftPackageReference "firebase-ios-sdk" */;
			productName = FirebaseFirestoreSwift;
		};
		06572FBB292D351B001C5E95 /* FirebaseFunctions */ = {
			isa = XCSwiftPackageProductDependency;
			package = 06572F9C292D351B001C5E95 /* XCRemoteSwiftPackageReference "firebase-ios-sdk" */;
			productName = FirebaseFunctions;
		};
		06572FBD292D351B001C5E95 /* FirebaseFunctionsCombine-Community */ = {
			isa = XCSwiftPackageProductDependency;
			package = 06572F9C292D351B001C5E95 /* XCRemoteSwiftPackageReference "firebase-ios-sdk" */;
			productName = "FirebaseFunctionsCombine-Community";
		};
		06572FBF292D351B001C5E95 /* FirebaseInAppMessaging-Beta */ = {
			isa = XCSwiftPackageProductDependency;
			package = 06572F9C292D351B001C5E95 /* XCRemoteSwiftPackageReference "firebase-ios-sdk" */;
			productName = "FirebaseInAppMessaging-Beta";
		};
		06572FC1292D351B001C5E95 /* FirebaseInAppMessagingSwift-Beta */ = {
			isa = XCSwiftPackageProductDependency;
			package = 06572F9C292D351B001C5E95 /* XCRemoteSwiftPackageReference "firebase-ios-sdk" */;
			productName = "FirebaseInAppMessagingSwift-Beta";
		};
		06572FC3292D351B001C5E95 /* FirebaseInstallations */ = {
			isa = XCSwiftPackageProductDependency;
			package = 06572F9C292D351B001C5E95 /* XCRemoteSwiftPackageReference "firebase-ios-sdk" */;
			productName = FirebaseInstallations;
		};
		06572FC5292D351B001C5E95 /* FirebaseMLModelDownloader */ = {
			isa = XCSwiftPackageProductDependency;
			package = 06572F9C292D351B001C5E95 /* XCRemoteSwiftPackageReference "firebase-ios-sdk" */;
			productName = FirebaseMLModelDownloader;
		};
		06572FC7292D351B001C5E95 /* FirebaseMessaging */ = {
			isa = XCSwiftPackageProductDependency;
			package = 06572F9C292D351B001C5E95 /* XCRemoteSwiftPackageReference "firebase-ios-sdk" */;
			productName = FirebaseMessaging;
		};
		06572FC9292D351B001C5E95 /* FirebasePerformance */ = {
			isa = XCSwiftPackageProductDependency;
			package = 06572F9C292D351B001C5E95 /* XCRemoteSwiftPackageReference "firebase-ios-sdk" */;
			productName = FirebasePerformance;
		};
		06572FCB292D351C001C5E95 /* FirebaseRemoteConfig */ = {
			isa = XCSwiftPackageProductDependency;
			package = 06572F9C292D351B001C5E95 /* XCRemoteSwiftPackageReference "firebase-ios-sdk" */;
			productName = FirebaseRemoteConfig;
		};
		06572FCD292D351C001C5E95 /* FirebaseRemoteConfigSwift */ = {
			isa = XCSwiftPackageProductDependency;
			package = 06572F9C292D351B001C5E95 /* XCRemoteSwiftPackageReference "firebase-ios-sdk" */;
			productName = FirebaseRemoteConfigSwift;
		};
		06572FCF292D351C001C5E95 /* FirebaseStorage */ = {
			isa = XCSwiftPackageProductDependency;
			package = 06572F9C292D351B001C5E95 /* XCRemoteSwiftPackageReference "firebase-ios-sdk" */;
			productName = FirebaseStorage;
		};
		06572FD1292D351C001C5E95 /* FirebaseStorageCombine-Community */ = {
			isa = XCSwiftPackageProductDependency;
			package = 06572F9C292D351B001C5E95 /* XCRemoteSwiftPackageReference "firebase-ios-sdk" */;
			productName = "FirebaseStorageCombine-Community";
		};
/* End XCSwiftPackageProductDependency section */
	};
	rootObject = 0648F17A2915E681004E8B02 /* Project object */;
}
